// !$*UTF8*$!
{
	archiveVersion = 1;
	classes = {
	};
	objectVersion = 46;
	objects = {

/* Begin PBXBuildFile section */
		431AC9F91AE4EA770028C650 /* main.m in Sources */ = {isa = PBXBuildFile; fileRef = 431AC9F81AE4EA770028C650 /* main.m */; };
		431AC9FC1AE4EA770028C650 /* AppDelegate.m in Sources */ = {isa = PBXBuildFile; fileRef = 431AC9FB1AE4EA770028C650 /* AppDelegate.m */; };
		431AC9FF1AE4EA770028C650 /* ViewController.m in Sources */ = {isa = PBXBuildFile; fileRef = 431AC9FE1AE4EA770028C650 /* ViewController.m */; };
		431ACA021AE4EA770028C650 /* Main.storyboard in Resources */ = {isa = PBXBuildFile; fileRef = 431ACA001AE4EA770028C650 /* Main.storyboard */; };
		431ACA041AE4EA770028C650 /* Images.xcassets in Resources */ = {isa = PBXBuildFile; fileRef = 431ACA031AE4EA770028C650 /* Images.xcassets */; };
		431ACA071AE4EA770028C650 /* LaunchScreen.xib in Resources */ = {isa = PBXBuildFile; fileRef = 431ACA051AE4EA770028C650 /* LaunchScreen.xib */; };
		431ACA131AE4EA770028C650 /* Bull_sEyeTests.m in Sources */ = {isa = PBXBuildFile; fileRef = 431ACA121AE4EA770028C650 /* Bull_sEyeTests.m */; };
/* End PBXBuildFile section */

/* Begin PBXContainerItemProxy section */
		431ACA0D1AE4EA770028C650 /* PBXContainerItemProxy */ = {
			isa = PBXContainerItemProxy;
			containerPortal = 431AC9EB1AE4EA770028C650 /* Project object */;
			proxyType = 1;
			remoteGlobalIDString = 431AC9F21AE4EA770028C650;
			remoteInfo = "Bull'sEye";
		};
/* End PBXContainerItemProxy section */

/* Begin PBXFileReference section */
		431AC9F31AE4EA770028C650 /* Bull'sEye.app */ = {isa = PBXFileReference; explicitFileType = wrapper.application; includeInIndex = 0; path = "Bull'sEye.app"; sourceTree = BUILT_PRODUCTS_DIR; };
		431AC9F71AE4EA770028C650 /* Info.plist */ = {isa = PBXFileReference; lastKnownFileType = text.plist.xml; path = Info.plist; sourceTree = "<group>"; };
		431AC9F81AE4EA770028C650 /* main.m */ = {isa = PBXFileReference; lastKnownFileType = sourcecode.c.objc; path = main.m; sourceTree = "<group>"; };
		431AC9FA1AE4EA770028C650 /* AppDelegate.h */ = {isa = PBXFileReference; lastKnownFileType = sourcecode.c.h; path = AppDelegate.h; sourceTree = "<group>"; };
		431AC9FB1AE4EA770028C650 /* AppDelegate.m */ = {isa = PBXFileReference; lastKnownFileType = sourcecode.c.objc; path = AppDelegate.m; sourceTree = "<group>"; };
		431AC9FD1AE4EA770028C650 /* ViewController.h */ = {isa = PBXFileReference; lastKnownFileType = sourcecode.c.h; path = ViewController.h; sourceTree = "<group>"; };
		431AC9FE1AE4EA770028C650 /* ViewController.m */ = {isa = PBXFileReference; lastKnownFileType = sourcecode.c.objc; path = ViewController.m; sourceTree = "<group>"; };
		431ACA011AE4EA770028C650 /* Base */ = {isa = PBXFileReference; lastKnownFileType = file.storyboard; name = Base; path = Base.lproj/Main.storyboard; sourceTree = "<group>"; };
		431ACA031AE4EA770028C650 /* Images.xcassets */ = {isa = PBXFileReference; lastKnownFileType = folder.assetcatalog; path = Images.xcassets; sourceTree = "<group>"; };
		431ACA061AE4EA770028C650 /* Base */ = {isa = PBXFileReference; lastKnownFileType = file.xib; name = Base; path = Base.lproj/LaunchScreen.xib; sourceTree = "<group>"; };
		431ACA0C1AE4EA770028C650 /* Bull'sEyeTests.xctest */ = {isa = PBXFileReference; explicitFileType = wrapper.cfbundle; includeInIndex = 0; path = "Bull'sEyeTests.xctest"; sourceTree = BUILT_PRODUCTS_DIR; };
		431ACA111AE4EA770028C650 /* Info.plist */ = {isa = PBXFileReference; lastKnownFileType = text.plist.xml; path = Info.plist; sourceTree = "<group>"; };
		431ACA121AE4EA770028C650 /* Bull_sEyeTests.m */ = {isa = PBXFileReference; lastKnownFileType = sourcecode.c.objc; path = Bull_sEyeTests.m; sourceTree = "<group>"; };
/* End PBXFileReference section */

/* Begin PBXFrameworksBuildPhase section */
		431AC9F01AE4EA770028C650 /* Frameworks */ = {
			isa = PBXFrameworksBuildPhase;
			buildActionMask = 2147483647;
			files = (
			);
			runOnlyForDeploymentPostprocessing = 0;
		};
		431ACA091AE4EA770028C650 /* Frameworks */ = {
			isa = PBXFrameworksBuildPhase;
			buildActionMask = 2147483647;
			files = (
			);
			runOnlyForDeploymentPostprocessing = 0;
		};
/* End PBXFrameworksBuildPhase section */

/* Begin PBXGroup section */
		431AC9EA1AE4EA770028C650 = {
			isa = PBXGroup;
			children = (
				431AC9F51AE4EA770028C650 /* Bull'sEye */,
				431ACA0F1AE4EA770028C650 /* Bull'sEyeTests */,
				431AC9F41AE4EA770028C650 /* Products */,
			);
			sourceTree = "<group>";
		};
		431AC9F41AE4EA770028C650 /* Products */ = {
			isa = PBXGroup;
			children = (
				431AC9F31AE4EA770028C650 /* Bull'sEye.app */,
				431ACA0C1AE4EA770028C650 /* Bull'sEyeTests.xctest */,
			);
			name = Products;
			sourceTree = "<group>";
		};
		431AC9F51AE4EA770028C650 /* Bull'sEye */ = {
			isa = PBXGroup;
			children = (
				431AC9FA1AE4EA770028C650 /* AppDelegate.h */,
				431AC9FB1AE4EA770028C650 /* AppDelegate.m */,
				431AC9FD1AE4EA770028C650 /* ViewController.h */,
				431AC9FE1AE4EA770028C650 /* ViewController.m */,
				431ACA001AE4EA770028C650 /* Main.storyboard */,
				431ACA031AE4EA770028C650 /* Images.xcassets */,
				431ACA051AE4EA770028C650 /* LaunchScreen.xib */,
				431AC9F61AE4EA770028C650 /* Supporting Files */,
			);
			path = "Bull'sEye";
			sourceTree = "<group>";
		};
		431AC9F61AE4EA770028C650 /* Supporting Files */ = {
			isa = PBXGroup;
			children = (
				431AC9F71AE4EA770028C650 /* Info.plist */,
				431AC9F81AE4EA770028C650 /* main.m */,
			);
			name = "Supporting Files";
			sourceTree = "<group>";
		};
		431ACA0F1AE4EA770028C650 /* Bull'sEyeTests */ = {
			isa = PBXGroup;
			children = (
				431ACA121AE4EA770028C650 /* Bull_sEyeTests.m */,
				431ACA101AE4EA770028C650 /* Supporting Files */,
			);
			path = "Bull'sEyeTests";
			sourceTree = "<group>";
		};
		431ACA101AE4EA770028C650 /* Supporting Files */ = {
			isa = PBXGroup;
			children = (
				431ACA111AE4EA770028C650 /* Info.plist */,
			);
			name = "Supporting Files";
			sourceTree = "<group>";
		};
/* End PBXGroup section */

/* Begin PBXNativeTarget section */
		431AC9F21AE4EA770028C650 /* Bull'sEye */ = {
			isa = PBXNativeTarget;
			buildConfigurationList = 431ACA161AE4EA770028C650 /* Build configuration list for PBXNativeTarget "Bull'sEye" */;
			buildPhases = (
				431AC9EF1AE4EA770028C650 /* Sources */,
				431AC9F01AE4EA770028C650 /* Frameworks */,
				431AC9F11AE4EA770028C650 /* Resources */,
			);
			buildRules = (
			);
			dependencies = (
			);
			name = "Bull'sEye";
			productName = "Bull'sEye";
			productReference = 431AC9F31AE4EA770028C650 /* Bull'sEye.app */;
			productType = "com.apple.product-type.application";
		};
		431ACA0B1AE4EA770028C650 /* Bull'sEyeTests */ = {
			isa = PBXNativeTarget;
			buildConfigurationList = 431ACA191AE4EA770028C650 /* Build configuration list for PBXNativeTarget "Bull'sEyeTests" */;
			buildPhases = (
				431ACA081AE4EA770028C650 /* Sources */,
				431ACA091AE4EA770028C650 /* Frameworks */,
				431ACA0A1AE4EA770028C650 /* Resources */,
			);
			buildRules = (
			);
			dependencies = (
				431ACA0E1AE4EA770028C650 /* PBXTargetDependency */,
			);
			name = "Bull'sEyeTests";
			productName = "Bull'sEyeTests";
			productReference = 431ACA0C1AE4EA770028C650 /* Bull'sEyeTests.xctest */;
			productType = "com.apple.product-type.bundle.unit-test";
		};
/* End PBXNativeTarget section */

/* Begin PBXProject section */
		431AC9EB1AE4EA770028C650 /* Project object */ = {
			isa = PBXProject;
			attributes = {
				LastUpgradeCheck = 0630;
				ORGANIZATIONNAME = colin3dmax;
				TargetAttributes = {
					431AC9F21AE4EA770028C650 = {
						CreatedOnToolsVersion = 6.3;
					};
					431ACA0B1AE4EA770028C650 = {
						CreatedOnToolsVersion = 6.3;
						TestTargetID = 431AC9F21AE4EA770028C650;
					};
				};
			};
			buildConfigurationList = 431AC9EE1AE4EA770028C650 /* Build configuration list for PBXProject "Bull'sEye" */;
			compatibilityVersion = "Xcode 3.2";
			developmentRegion = English;
			hasScannedForEncodings = 0;
			knownRegions = (
				en,
				Base,
			);
			mainGroup = 431AC9EA1AE4EA770028C650;
			productRefGroup = 431AC9F41AE4EA770028C650 /* Products */;
			projectDirPath = "";
			projectRoot = "";
			targets = (
				431AC9F21AE4EA770028C650 /* Bull'sEye */,
				431ACA0B1AE4EA770028C650 /* Bull'sEyeTests */,
			);
		};
/* End PBXProject section */

/* Begin PBXResourcesBuildPhase section */
		431AC9F11AE4EA770028C650 /* Resources */ = {
			isa = PBXResourcesBuildPhase;
			buildActionMask = 2147483647;
			files = (
				431ACA021AE4EA770028C650 /* Main.storyboard in Resources */,
				431ACA071AE4EA770028C650 /* LaunchScreen.xib in Resources */,
				431ACA041AE4EA770028C650 /* Images.xcassets in Resources */,
			);
			runOnlyForDeploymentPostprocessing = 0;
		};
		431ACA0A1AE4EA770028C650 /* Resources */ = {
			isa = PBXResourcesBuildPhase;
			buildActionMask = 2147483647;
			files = (
			);
			runOnlyForDeploymentPostprocessing = 0;
		};
/* End PBXResourcesBuildPhase section */

/* Begin PBXSourcesBuildPhase section */
		431AC9EF1AE4EA770028C650 /* Sources */ = {
			isa = PBXSourcesBuildPhase;
			buildActionMask = 2147483647;
			files = (
				431AC9FF1AE4EA770028C650 /* ViewController.m in Sources */,
				431AC9FC1AE4EA770028C650 /* AppDelegate.m in Sources */,
				431AC9F91AE4EA770028C650 /* main.m in Sources */,
			);
			runOnlyForDeploymentPostprocessing = 0;
		};
		431ACA081AE4EA770028C650 /* Sources */ = {
			isa = PBXSourcesBuildPhase;
			buildActionMask = 2147483647;
			files = (
				431ACA131AE4EA770028C650 /* Bull_sEyeTests.m in Sources */,
			);
			runOnlyForDeploymentPostprocessing = 0;
		};
/* End PBXSourcesBuildPhase section */

/* Begin PBXTargetDependency section */
		431ACA0E1AE4EA770028C650 /* PBXTargetDependency */ = {
			isa = PBXTargetDependency;
			target = 431AC9F21AE4EA770028C650 /* Bull'sEye */;
			targetProxy = 431ACA0D1AE4EA770028C650 /* PBXContainerItemProxy */;
		};
/* End PBXTargetDependency section */

/* Begin PBXVariantGroup section */
		431ACA001AE4EA770028C650 /* Main.storyboard */ = {
			isa = PBXVariantGroup;
			children = (
				431ACA011AE4EA770028C650 /* Base */,
			);
			name = Main.storyboard;
			sourceTree = "<group>";
		};
		431ACA051AE4EA770028C650 /* LaunchScreen.xib */ = {
			isa = PBXVariantGroup;
			children = (
				431ACA061AE4EA770028C650 /* Base */,
			);
			name = LaunchScreen.xib;
			sourceTree = "<group>";
		};
/* End PBXVariantGroup section */

/* Begin XCBuildConfiguration section */
		431ACA141AE4EA770028C650 /* Debug */ = {
			isa = XCBuildConfiguration;
			buildSettings = {
				ALWAYS_SEARCH_USER_PATHS = NO;
				CLANG_CXX_LANGUAGE_STANDARD = "gnu++0x";
				CLANG_CXX_LIBRARY = "libc++";
				CLANG_ENABLE_MODULES = YES;
				CLANG_ENABLE_OBJC_ARC = YES;
				CLANG_WARN_BOOL_CONVERSION = YES;
				CLANG_WARN_CONSTANT_CONVERSION = YES;
				CLANG_WARN_DIRECT_OBJC_ISA_USAGE = YES_ERROR;
				CLANG_WARN_EMPTY_BODY = YES;
				CLANG_WARN_ENUM_CONVERSION = YES;
				CLANG_WARN_INT_CONVERSION = YES;
				CLANG_WARN_OBJC_ROOT_CLASS = YES_ERROR;
				CLANG_WARN_UNREACHABLE_CODE = YES;
				CLANG_WARN__DUPLICATE_METHOD_MATCH = YES;
				"CODE_SIGN_IDENTITY[sdk=iphoneos*]" = "iPhone Developer";
				COPY_PHASE_STRIP = NO;
				DEBUG_INFORMATION_FORMAT = "dwarf-with-dsym";
				ENABLE_STRICT_OBJC_MSGSEND = YES;
				GCC_C_LANGUAGE_STANDARD = gnu99;
				GCC_DYNAMIC_NO_PIC = NO;
				GCC_NO_COMMON_BLOCKS = YES;
				GCC_OPTIMIZATION_LEVEL = 0;
				GCC_PREPROCESSOR_DEFINITIONS = (
					"DEBUG=1",
					"$(inherited)",
				);
				GCC_SYMBOLS_PRIVATE_EXTERN = NO;
				GCC_WARN_64_TO_32_BIT_CONVERSION = YES;
				GCC_WARN_ABOUT_RETURN_TYPE = YES_ERROR;
				GCC_WARN_UNDECLARED_SELECTOR = YES;
				GCC_WARN_UNINITIALIZED_AUTOS = YES_AGGRESSIVE;
				GCC_WARN_UNUSED_FUNCTION = YES;
				GCC_WARN_UNUSED_VARIABLE = YES;
				IPHONEOS_DEPLOYMENT_TARGET = 8.3;
				MTL_ENABLE_DEBUG_INFO = YES;
				ONLY_ACTIVE_ARCH = YES;
				SDKROOT = iphoneos;
				TARGETED_DEVICE_FAMILY = "1,2";
			};
			name = Debug;
		};
		431ACA151AE4EA770028C650 /* Release */ = {
			isa = XCBuildConfiguration;
			buildSettings = {
				ALWAYS_SEARCH_USER_PATHS = NO;
				CLANG_CXX_LANGUAGE_STANDARD = "gnu++0x";
				CLANG_CXX_LIBRARY = "libc++";
				CLANG_ENABLE_MODULES = YES;
				CLANG_ENABLE_OBJC_ARC = YES;
				CLANG_WARN_BOOL_CONVERSION = YES;
				CLANG_WARN_CONSTANT_CONVERSION = YES;
				CLANG_WARN_DIRECT_OBJC_ISA_USAGE = YES_ERROR;
				CLANG_WARN_EMPTY_BODY = YES;
				CLANG_WARN_ENUM_CONVERSION = YES;
				CLANG_WARN_INT_CONVERSION = YES;
				CLANG_WARN_OBJC_ROOT_CLASS = YES_ERROR;
				CLANG_WARN_UNREACHABLE_CODE = YES;
				CLANG_WARN__DUPLICATE_METHOD_MATCH = YES;
				"CODE_SIGN_IDENTITY[sdk=iphoneos*]" = "iPhone Developer";
				COPY_PHASE_STRIP = NO;
				DEBUG_INFORMATION_FORMAT = "dwarf-with-dsym";
				ENABLE_NS_ASSERTIONS = NO;
				ENABLE_STRICT_OBJC_MSGSEND = YES;
				GCC_C_LANGUAGE_STANDARD = gnu99;
				GCC_NO_COMMON_BLOCKS = YES;
				GCC_WARN_64_TO_32_BIT_CONVERSION = YES;
				GCC_WARN_ABOUT_RETURN_TYPE = YES_ERROR;
				GCC_WARN_UNDECLARED_SELECTOR = YES;
				GCC_WARN_UNINITIALIZED_AUTOS = YES_AGGRESSIVE;
				GCC_WARN_UNUSED_FUNCTION = YES;
				GCC_WARN_UNUSED_VARIABLE = YES;
				IPHONEOS_DEPLOYMENT_TARGET = 8.3;
				MTL_ENABLE_DEBUG_INFO = NO;
				SDKROOT = iphoneos;
				TARGETED_DEVICE_FAMILY = "1,2";
				VALIDATE_PRODUCT = YES;
			};
			name = Release;
		};
		431ACA171AE4EA770028C650 /* Debug */ = {
			isa = XCBuildConfiguration;
			buildSettings = {
				ASSETCATALOG_COMPILER_APPICON_NAME = AppIcon;
				ASSETCATALOG_COMPILER_LAUNCHIMAGE_NAME = LaunchImage;
				INFOPLIST_FILE = "Bull'sEye/Info.plist";
				IPHONEOS_DEPLOYMENT_TARGET = 6.0;
				LD_RUNPATH_SEARCH_PATHS = "$(inherited) @executable_path/Frameworks";
				PRODUCT_NAME = "$(TARGET_NAME)";
			};
			name = Debug;
		};
		431ACA181AE4EA770028C650 /* Release */ = {
			isa = XCBuildConfiguration;
			buildSettings = {
				ASSETCATALOG_COMPILER_APPICON_NAME = AppIcon;
				ASSETCATALOG_COMPILER_LAUNCHIMAGE_NAME = LaunchImage;
				INFOPLIST_FILE = "Bull'sEye/Info.plist";
				IPHONEOS_DEPLOYMENT_TARGET = 6.0;
				LD_RUNPATH_SEARCH_PATHS = "$(inherited) @executable_path/Frameworks";
				PRODUCT_NAME = "$(TARGET_NAME)";
			};
			name = Release;
		};
		431ACA1A1AE4EA770028C650 /* Debug */ = {
			isa = XCBuildConfiguration;
			buildSettings = {
				BUNDLE_LOADER = "$(TEST_HOST)";
				FRAMEWORK_SEARCH_PATHS = (
					"$(SDKROOT)/Developer/Library/Frameworks",
					"$(inherited)",
				);
				GCC_PREPROCESSOR_DEFINITIONS = (
					"DEBUG=1",
					"$(inherited)",
				);
				INFOPLIST_FILE = "Bull'sEyeTests/Info.plist";
				LD_RUNPATH_SEARCH_PATHS = "$(inherited) @executable_path/Frameworks @loader_path/Frameworks";
				PRODUCT_NAME = "$(TARGET_NAME)";
				TEST_HOST = "$(BUILT_PRODUCTS_DIR)/Bull'sEye.app/Bull'sEye";
			};
			name = Debug;
		};
		431ACA1B1AE4EA770028C650 /* Release */ = {
			isa = XCBuildConfiguration;
			buildSettings = {
				BUNDLE_LOADER = "$(TEST_HOST)";
				FRAMEWORK_SEARCH_PATHS = (
					"$(SDKROOT)/Developer/Library/Frameworks",
					"$(inherited)",
				);
				INFOPLIST_FILE = "Bull'sEyeTests/Info.plist";
				LD_RUNPATH_SEARCH_PATHS = "$(inherited) @executable_path/Frameworks @loader_path/Frameworks";
				PRODUCT_NAME = "$(TARGET_NAME)";
				TEST_HOST = "$(BUILT_PRODUCTS_DIR)/Bull'sEye.app/Bull'sEye";
			};
			name = Release;
		};
/* End XCBuildConfiguration section */

/* Begin XCConfigurationList section */
		431AC9EE1AE4EA770028C650 /* Build configuration list for PBXProject "Bull'sEye" */ = {
			isa = XCConfigurationList;
			buildConfigurations = (
				431ACA141AE4EA770028C650 /* Debug */,
				431ACA151AE4EA770028C650 /* Release */,
			);
			defaultConfigurationIsVisible = 0;
			defaultConfigurationName = Release;
		};
		431ACA161AE4EA770028C650 /* Build configuration list for PBXNativeTarget "Bull'sEye" */ = {
			isa = XCConfigurationList;
			buildConfigurations = (
				431ACA171AE4EA770028C650 /* Debug */,
				431ACA181AE4EA770028C650 /* Release */,
			);
			defaultConfigurationIsVisible = 0;
		};
		431ACA191AE4EA770028C650 /* Build configuration list for PBXNativeTarget "Bull'sEyeTests" */ = {
			isa = XCConfigurationList;
			buildConfigurations = (
				431ACA1A1AE4EA770028C650 /* Debug */,
				431ACA1B1AE4EA770028C650 /* Release */,
			);
			defaultConfigurationIsVisible = 0;
		};
/* End XCConfigurationList section */
	};
	rootObject = 431AC9EB1AE4EA770028C650 /* Project object */;
}
