// !$*UTF8*$!
{
	archiveVersion = 1;
	classes = {
	};
	objectVersion = 46;
	objects = {

/* Begin PBXBuildFile section */
		3B8EF2851AE68C2B00935504 /* AppDelegate.swift in Sources */ = {isa = PBXBuildFile; fileRef = 3B8EF2841AE68C2B00935504 /* AppDelegate.swift */; };
		3B8EF2871AE68C2B00935504 /* ViewController.swift in Sources */ = {isa = PBXBuildFile; fileRef = 3B8EF2861AE68C2B00935504 /* ViewController.swift */; };
		3B8EF28A1AE68C2B00935504 /* Main.storyboard in Resources */ = {isa = PBXBuildFile; fileRef = 3B8EF2881AE68C2B00935504 /* Main.storyboard */; };
		3B8EF28C1AE68C2B00935504 /* Images.xcassets in Resources */ = {isa = PBXBuildFile; fileRef = 3B8EF28B1AE68C2B00935504 /* Images.xcassets */; };
		3B8EF28F1AE68C2B00935504 /* LaunchScreen.xib in Resources */ = {isa = PBXBuildFile; fileRef = 3B8EF28D1AE68C2B00935504 /* LaunchScreen.xib */; };
		3B8EF29B1AE68C2B00935504 /* L02ProgressControlTests.swift in Sources */ = {isa = PBXBuildFile; fileRef = 3B8EF29A1AE68C2B00935504 /* L02ProgressControlTests.swift */; };
		3B8EF2A51AE68C4000935504 /* ProgressControl.swift in Sources */ = {isa = PBXBuildFile; fileRef = 3B8EF2A41AE68C4000935504 /* ProgressControl.swift */; };
/* End PBXBuildFile section */

/* Begin PBXContainerItemProxy section */
		3B8EF2951AE68C2B00935504 /* PBXContainerItemProxy */ = {
			isa = PBXContainerItemProxy;
			containerPortal = 3B8EF2771AE68C2B00935504 /* Project object */;
			proxyType = 1;
			remoteGlobalIDString = 3B8EF27E1AE68C2B00935504;
			remoteInfo = L02ProgressControl;
		};
/* End PBXContainerItemProxy section */

/* Begin PBXFileReference section */
		3B8EF27F1AE68C2B00935504 /* L02ProgressControl.app */ = {isa = PBXFileReference; explicitFileType = wrapper.application; includeInIndex = 0; path = L02ProgressControl.app; sourceTree = BUILT_PRODUCTS_DIR; };
		3B8EF2831AE68C2B00935504 /* Info.plist */ = {isa = PBXFileReference; lastKnownFileType = text.plist.xml; path = Info.plist; sourceTree = "<group>"; };
		3B8EF2841AE68C2B00935504 /* AppDelegate.swift */ = {isa = PBXFileReference; lastKnownFileType = sourcecode.swift; path = AppDelegate.swift; sourceTree = "<group>"; };
		3B8EF2861AE68C2B00935504 /* ViewController.swift */ = {isa = PBXFileReference; lastKnownFileType = sourcecode.swift; path = ViewController.swift; sourceTree = "<group>"; };
		3B8EF2891AE68C2B00935504 /* Base */ = {isa = PBXFileReference; lastKnownFileType = file.storyboard; name = Base; path = Base.lproj/Main.storyboard; sourceTree = "<group>"; };
		3B8EF28B1AE68C2B00935504 /* Images.xcassets */ = {isa = PBXFileReference; lastKnownFileType = folder.assetcatalog; path = Images.xcassets; sourceTree = "<group>"; };
		3B8EF28E1AE68C2B00935504 /* Base */ = {isa = PBXFileReference; lastKnownFileType = file.xib; name = Base; path = Base.lproj/LaunchScreen.xib; sourceTree = "<group>"; };
		3B8EF2941AE68C2B00935504 /* L02ProgressControlTests.xctest */ = {isa = PBXFileReference; explicitFileType = wrapper.cfbundle; includeInIndex = 0; path = L02ProgressControlTests.xctest; sourceTree = BUILT_PRODUCTS_DIR; };
		3B8EF2991AE68C2B00935504 /* Info.plist */ = {isa = PBXFileReference; lastKnownFileType = text.plist.xml; path = Info.plist; sourceTree = "<group>"; };
		3B8EF29A1AE68C2B00935504 /* L02ProgressControlTests.swift */ = {isa = PBXFileReference; lastKnownFileType = sourcecode.swift; path = L02ProgressControlTests.swift; sourceTree = "<group>"; };
		3B8EF2A41AE68C4000935504 /* ProgressControl.swift */ = {isa = PBXFileReference; fileEncoding = 4; lastKnownFileType = sourcecode.swift; path = ProgressControl.swift; sourceTree = "<group>"; };
/* End PBXFileReference section */

/* Begin PBXFrameworksBuildPhase section */
		3B8EF27C1AE68C2B00935504 /* Frameworks */ = {
			isa = PBXFrameworksBuildPhase;
			buildActionMask = 2147483647;
			files = (
			);
			runOnlyForDeploymentPostprocessing = 0;
		};
		3B8EF2911AE68C2B00935504 /* Frameworks */ = {
			isa = PBXFrameworksBuildPhase;
			buildActionMask = 2147483647;
			files = (
			);
			runOnlyForDeploymentPostprocessing = 0;
		};
/* End PBXFrameworksBuildPhase section */

/* Begin PBXGroup section */
		3B8EF2761AE68C2B00935504 = {
			isa = PBXGroup;
			children = (
				3B8EF2811AE68C2B00935504 /* L02ProgressControl */,
				3B8EF2971AE68C2B00935504 /* L02ProgressControlTests */,
				3B8EF2801AE68C2B00935504 /* Products */,
			);
			sourceTree = "<group>";
		};
		3B8EF2801AE68C2B00935504 /* Products */ = {
			isa = PBXGroup;
			children = (
				3B8EF27F1AE68C2B00935504 /* L02ProgressControl.app */,
				3B8EF2941AE68C2B00935504 /* L02ProgressControlTests.xctest */,
			);
			name = Products;
			sourceTree = "<group>";
		};
		3B8EF2811AE68C2B00935504 /* L02ProgressControl */ = {
			isa = PBXGroup;
			children = (
				3B8EF2841AE68C2B00935504 /* AppDelegate.swift */,
				3B8EF2861AE68C2B00935504 /* ViewController.swift */,
				3B8EF2881AE68C2B00935504 /* Main.storyboard */,
				3B8EF28B1AE68C2B00935504 /* Images.xcassets */,
				3B8EF28D1AE68C2B00935504 /* LaunchScreen.xib */,
				3B8EF2821AE68C2B00935504 /* Supporting Files */,
				3B8EF2A41AE68C4000935504 /* ProgressControl.swift */,
			);
			path = L02ProgressControl;
			sourceTree = "<group>";
		};
		3B8EF2821AE68C2B00935504 /* Supporting Files */ = {
			isa = PBXGroup;
			children = (
				3B8EF2831AE68C2B00935504 /* Info.plist */,
			);
			name = "Supporting Files";
			sourceTree = "<group>";
		};
		3B8EF2971AE68C2B00935504 /* L02ProgressControlTests */ = {
			isa = PBXGroup;
			children = (
				3B8EF29A1AE68C2B00935504 /* L02ProgressControlTests.swift */,
				3B8EF2981AE68C2B00935504 /* Supporting Files */,
			);
			path = L02ProgressControlTests;
			sourceTree = "<group>";
		};
		3B8EF2981AE68C2B00935504 /* Supporting Files */ = {
			isa = PBXGroup;
			children = (
				3B8EF2991AE68C2B00935504 /* Info.plist */,
			);
			name = "Supporting Files";
			sourceTree = "<group>";
		};
/* End PBXGroup section */

/* Begin PBXNativeTarget section */
		3B8EF27E1AE68C2B00935504 /* L02ProgressControl */ = {
			isa = PBXNativeTarget;
			buildConfigurationList = 3B8EF29E1AE68C2B00935504 /* Build configuration list for PBXNativeTarget "L02ProgressControl" */;
			buildPhases = (
				3B8EF27B1AE68C2B00935504 /* Sources */,
				3B8EF27C1AE68C2B00935504 /* Frameworks */,
				3B8EF27D1AE68C2B00935504 /* Resources */,
			);
			buildRules = (
			);
			dependencies = (
			);
			name = L02ProgressControl;
			productName = L02ProgressControl;
			productReference = 3B8EF27F1AE68C2B00935504 /* L02ProgressControl.app */;
			productType = "com.apple.product-type.application";
		};
		3B8EF2931AE68C2B00935504 /* L02ProgressControlTests */ = {
			isa = PBXNativeTarget;
			buildConfigurationList = 3B8EF2A11AE68C2B00935504 /* Build configuration list for PBXNativeTarget "L02ProgressControlTests" */;
			buildPhases = (
				3B8EF2901AE68C2B00935504 /* Sources */,
				3B8EF2911AE68C2B00935504 /* Frameworks */,
				3B8EF2921AE68C2B00935504 /* Resources */,
			);
			buildRules = (
			);
			dependencies = (
				3B8EF2961AE68C2B00935504 /* PBXTargetDependency */,
			);
			name = L02ProgressControlTests;
			productName = L02ProgressControlTests;
			productReference = 3B8EF2941AE68C2B00935504 /* L02ProgressControlTests.xctest */;
			productType = "com.apple.product-type.bundle.unit-test";
		};
/* End PBXNativeTarget section */

/* Begin PBXProject section */
		3B8EF2771AE68C2B00935504 /* Project object */ = {
			isa = PBXProject;
			attributes = {
				LastUpgradeCheck = 0630;
				ORGANIZATIONNAME = colin;
				TargetAttributes = {
					3B8EF27E1AE68C2B00935504 = {
						CreatedOnToolsVersion = 6.3;
					};
					3B8EF2931AE68C2B00935504 = {
						CreatedOnToolsVersion = 6.3;
						TestTargetID = 3B8EF27E1AE68C2B00935504;
					};
				};
			};
			buildConfigurationList = 3B8EF27A1AE68C2B00935504 /* Build configuration list for PBXProject "L02ProgressControl" */;
			compatibilityVersion = "Xcode 3.2";
			developmentRegion = English;
			hasScannedForEncodings = 0;
			knownRegions = (
				en,
				Base,
			);
			mainGroup = 3B8EF2761AE68C2B00935504;
			productRefGroup = 3B8EF2801AE68C2B00935504 /* Products */;
			projectDirPath = "";
			projectRoot = "";
			targets = (
				3B8EF27E1AE68C2B00935504 /* L02ProgressControl */,
				3B8EF2931AE68C2B00935504 /* L02ProgressControlTests */,
			);
		};
/* End PBXProject section */

/* Begin PBXResourcesBuildPhase section */
		3B8EF27D1AE68C2B00935504 /* Resources */ = {
			isa = PBXResourcesBuildPhase;
			buildActionMask = 2147483647;
			files = (
				3B8EF28A1AE68C2B00935504 /* Main.storyboard in Resources */,
				3B8EF28F1AE68C2B00935504 /* LaunchScreen.xib in Resources */,
				3B8EF28C1AE68C2B00935504 /* Images.xcassets in Resources */,
			);
			runOnlyForDeploymentPostprocessing = 0;
		};
		3B8EF2921AE68C2B00935504 /* Resources */ = {
			isa = PBXResourcesBuildPhase;
			buildActionMask = 2147483647;
			files = (
			);
			runOnlyForDeploymentPostprocessing = 0;
		};
/* End PBXResourcesBuildPhase section */

/* Begin PBXSourcesBuildPhase section */
		3B8EF27B1AE68C2B00935504 /* Sources */ = {
			isa = PBXSourcesBuildPhase;
			buildActionMask = 2147483647;
			files = (
				3B8EF2A51AE68C4000935504 /* ProgressControl.swift in Sources */,
				3B8EF2871AE68C2B00935504 /* ViewController.swift in Sources */,
				3B8EF2851AE68C2B00935504 /* AppDelegate.swift in Sources */,
			);
			runOnlyForDeploymentPostprocessing = 0;
		};
		3B8EF2901AE68C2B00935504 /* Sources */ = {
			isa = PBXSourcesBuildPhase;
			buildActionMask = 2147483647;
			files = (
				3B8EF29B1AE68C2B00935504 /* L02ProgressControlTests.swift in Sources */,
			);
			runOnlyForDeploymentPostprocessing = 0;
		};
/* End PBXSourcesBuildPhase section */

/* Begin PBXTargetDependency section */
		3B8EF2961AE68C2B00935504 /* PBXTargetDependency */ = {
			isa = PBXTargetDependency;
			target = 3B8EF27E1AE68C2B00935504 /* L02ProgressControl */;
			targetProxy = 3B8EF2951AE68C2B00935504 /* PBXContainerItemProxy */;
		};
/* End PBXTargetDependency section */

/* Begin PBXVariantGroup section */
		3B8EF2881AE68C2B00935504 /* Main.storyboard */ = {
			isa = PBXVariantGroup;
			children = (
				3B8EF2891AE68C2B00935504 /* Base */,
			);
			name = Main.storyboard;
			sourceTree = "<group>";
		};
		3B8EF28D1AE68C2B00935504 /* LaunchScreen.xib */ = {
			isa = PBXVariantGroup;
			children = (
				3B8EF28E1AE68C2B00935504 /* Base */,
			);
			name = LaunchScreen.xib;
			sourceTree = "<group>";
		};
/* End PBXVariantGroup section */

/* Begin XCBuildConfiguration section */
		3B8EF29C1AE68C2B00935504 /* Debug */ = {
			isa = XCBuildConfiguration;
			buildSettings = {
				ALWAYS_SEARCH_USER_PATHS = NO;
				CLANG_CXX_LANGUAGE_STANDARD = "gnu++0x";
				CLANG_CXX_LIBRARY = "libc++";
				CLANG_ENABLE_MODULES = YES;
				CLANG_ENABLE_OBJC_ARC = YES;
				CLANG_WARN_BOOL_CONVERSION = YES;
				CLANG_WARN_CONSTANT_CONVERSION = YES;
				CLANG_WARN_DIRECT_OBJC_ISA_USAGE = YES_ERROR;
				CLANG_WARN_EMPTY_BODY = YES;
				CLANG_WARN_ENUM_CONVERSION = YES;
				CLANG_WARN_INT_CONVERSION = YES;
				CLANG_WARN_OBJC_ROOT_CLASS = YES_ERROR;
				CLANG_WARN_UNREACHABLE_CODE = YES;
				CLANG_WARN__DUPLICATE_METHOD_MATCH = YES;
				"CODE_SIGN_IDENTITY[sdk=iphoneos*]" = "iPhone Developer";
				COPY_PHASE_STRIP = NO;
				DEBUG_INFORMATION_FORMAT = "dwarf-with-dsym";
				ENABLE_STRICT_OBJC_MSGSEND = YES;
				GCC_C_LANGUAGE_STANDARD = gnu99;
				GCC_DYNAMIC_NO_PIC = NO;
				GCC_NO_COMMON_BLOCKS = YES;
				GCC_OPTIMIZATION_LEVEL = 0;
				GCC_PREPROCESSOR_DEFINITIONS = (
					"DEBUG=1",
					"$(inherited)",
				);
				GCC_SYMBOLS_PRIVATE_EXTERN = NO;
				GCC_WARN_64_TO_32_BIT_CONVERSION = YES;
				GCC_WARN_ABOUT_RETURN_TYPE = YES_ERROR;
				GCC_WARN_UNDECLARED_SELECTOR = YES;
				GCC_WARN_UNINITIALIZED_AUTOS = YES_AGGRESSIVE;
				GCC_WARN_UNUSED_FUNCTION = YES;
				GCC_WARN_UNUSED_VARIABLE = YES;
				IPHONEOS_DEPLOYMENT_TARGET = 8.3;
				MTL_ENABLE_DEBUG_INFO = YES;
				ONLY_ACTIVE_ARCH = YES;
				SDKROOT = iphoneos;
				SWIFT_OPTIMIZATION_LEVEL = "-Onone";
			};
			name = Debug;
		};
		3B8EF29D1AE68C2B00935504 /* Release */ = {
			isa = XCBuildConfiguration;
			buildSettings = {
				ALWAYS_SEARCH_USER_PATHS = NO;
				CLANG_CXX_LANGUAGE_STANDARD = "gnu++0x";
				CLANG_CXX_LIBRARY = "libc++";
				CLANG_ENABLE_MODULES = YES;
				CLANG_ENABLE_OBJC_ARC = YES;
				CLANG_WARN_BOOL_CONVERSION = YES;
				CLANG_WARN_CONSTANT_CONVERSION = YES;
				CLANG_WARN_DIRECT_OBJC_ISA_USAGE = YES_ERROR;
				CLANG_WARN_EMPTY_BODY = YES;
				CLANG_WARN_ENUM_CONVERSION = YES;
				CLANG_WARN_INT_CONVERSION = YES;
				CLANG_WARN_OBJC_ROOT_CLASS = YES_ERROR;
				CLANG_WARN_UNREACHABLE_CODE = YES;
				CLANG_WARN__DUPLICATE_METHOD_MATCH = YES;
				"CODE_SIGN_IDENTITY[sdk=iphoneos*]" = "iPhone Developer";
				COPY_PHASE_STRIP = NO;
				DEBUG_INFORMATION_FORMAT = "dwarf-with-dsym";
				ENABLE_NS_ASSERTIONS = NO;
				ENABLE_STRICT_OBJC_MSGSEND = YES;
				GCC_C_LANGUAGE_STANDARD = gnu99;
				GCC_NO_COMMON_BLOCKS = YES;
				GCC_WARN_64_TO_32_BIT_CONVERSION = YES;
				GCC_WARN_ABOUT_RETURN_TYPE = YES_ERROR;
				GCC_WARN_UNDECLARED_SELECTOR = YES;
				GCC_WARN_UNINITIALIZED_AUTOS = YES_AGGRESSIVE;
				GCC_WARN_UNUSED_FUNCTION = YES;
				GCC_WARN_UNUSED_VARIABLE = YES;
				IPHONEOS_DEPLOYMENT_TARGET = 8.3;
				MTL_ENABLE_DEBUG_INFO = NO;
				SDKROOT = iphoneos;
				VALIDATE_PRODUCT = YES;
			};
			name = Release;
		};
		3B8EF29F1AE68C2B00935504 /* Debug */ = {
			isa = XCBuildConfiguration;
			buildSettings = {
				ASSETCATALOG_COMPILER_APPICON_NAME = AppIcon;
				INFOPLIST_FILE = L02ProgressControl/Info.plist;
				LD_RUNPATH_SEARCH_PATHS = "$(inherited) @executable_path/Frameworks";
				PRODUCT_NAME = "$(TARGET_NAME)";
			};
			name = Debug;
		};
		3B8EF2A01AE68C2B00935504 /* Release */ = {
			isa = XCBuildConfiguration;
			buildSettings = {
				ASSETCATALOG_COMPILER_APPICON_NAME = AppIcon;
				INFOPLIST_FILE = L02ProgressControl/Info.plist;
				LD_RUNPATH_SEARCH_PATHS = "$(inherited) @executable_path/Frameworks";
				PRODUCT_NAME = "$(TARGET_NAME)";
			};
			name = Release;
		};
		3B8EF2A21AE68C2B00935504 /* Debug */ = {
			isa = XCBuildConfiguration;
			buildSettings = {
				BUNDLE_LOADER = "$(TEST_HOST)";
				FRAMEWORK_SEARCH_PATHS = (
					"$(SDKROOT)/Developer/Library/Frameworks",
					"$(inherited)",
				);
				GCC_PREPROCESSOR_DEFINITIONS = (
					"DEBUG=1",
					"$(inherited)",
				);
				INFOPLIST_FILE = L02ProgressControlTests/Info.plist;
				LD_RUNPATH_SEARCH_PATHS = "$(inherited) @executable_path/Frameworks @loader_path/Frameworks";
				PRODUCT_NAME = "$(TARGET_NAME)";
				TEST_HOST = "$(BUILT_PRODUCTS_DIR)/L02ProgressControl.app/L02ProgressControl";
			};
			name = Debug;
		};
		3B8EF2A31AE68C2B00935504 /* Release */ = {
			isa = XCBuildConfiguration;
			buildSettings = {
				BUNDLE_LOADER = "$(TEST_HOST)";
				FRAMEWORK_SEARCH_PATHS = (
					"$(SDKROOT)/Developer/Library/Frameworks",
					"$(inherited)",
				);
				INFOPLIST_FILE = L02ProgressControlTests/Info.plist;
				LD_RUNPATH_SEARCH_PATHS = "$(inherited) @executable_path/Frameworks @loader_path/Frameworks";
				PRODUCT_NAME = "$(TARGET_NAME)";
				TEST_HOST = "$(BUILT_PRODUCTS_DIR)/L02ProgressControl.app/L02ProgressControl";
			};
			name = Release;
		};
/* End XCBuildConfiguration section */

/* Begin XCConfigurationList section */
		3B8EF27A1AE68C2B00935504 /* Build configuration list for PBXProject "L02ProgressControl" */ = {
			isa = XCConfigurationList;
			buildConfigurations = (
				3B8EF29C1AE68C2B00935504 /* Debug */,
				3B8EF29D1AE68C2B00935504 /* Release */,
			);
			defaultConfigurationIsVisible = 0;
			defaultConfigurationName = Release;
		};
		3B8EF29E1AE68C2B00935504 /* Build configuration list for PBXNativeTarget "L02ProgressControl" */ = {
			isa = XCConfigurationList;
			buildConfigurations = (
				3B8EF29F1AE68C2B00935504 /* Debug */,
				3B8EF2A01AE68C2B00935504 /* Release */,
			);
			defaultConfigurationIsVisible = 0;
		};
		3B8EF2A11AE68C2B00935504 /* Build configuration list for PBXNativeTarget "L02ProgressControlTests" */ = {
			isa = XCConfigurationList;
			buildConfigurations = (
				3B8EF2A21AE68C2B00935504 /* Debug */,
				3B8EF2A31AE68C2B00935504 /* Release */,
			);
			defaultConfigurationIsVisible = 0;
		};
/* End XCConfigurationList section */
	};
	rootObject = 3B8EF2771AE68C2B00935504 /* Project object */;
}
