// !$*UTF8*$!
{
	archiveVersion = 1;
	classes = {
	};
	objectVersion = 46;
	objects = {

/* Begin PBXBuildFile section */
		3B11B9F11AE7226F000291A2 /* main.m in Sources */ = {isa = PBXBuildFile; fileRef = 3B11B9F01AE7226F000291A2 /* main.m */; };
		3B11B9F41AE7226F000291A2 /* AppDelegate.m in Sources */ = {isa = PBXBuildFile; fileRef = 3B11B9F31AE7226F000291A2 /* AppDelegate.m */; };
		3B11B9F71AE7226F000291A2 /* ViewController.m in Sources */ = {isa = PBXBuildFile; fileRef = 3B11B9F61AE7226F000291A2 /* ViewController.m */; };
		3B11B9FA1AE7226F000291A2 /* Main.storyboard in Resources */ = {isa = PBXBuildFile; fileRef = 3B11B9F81AE7226F000291A2 /* Main.storyboard */; };
		3B11B9FC1AE7226F000291A2 /* Images.xcassets in Resources */ = {isa = PBXBuildFile; fileRef = 3B11B9FB1AE7226F000291A2 /* Images.xcassets */; };
		3B11B9FF1AE7226F000291A2 /* LaunchScreen.xib in Resources */ = {isa = PBXBuildFile; fileRef = 3B11B9FD1AE7226F000291A2 /* LaunchScreen.xib */; };
		3B11BA0B1AE7226F000291A2 /* L04_OCClassTests.m in Sources */ = {isa = PBXBuildFile; fileRef = 3B11BA0A1AE7226F000291A2 /* L04_OCClassTests.m */; };
/* End PBXBuildFile section */

/* Begin PBXContainerItemProxy section */
		3B11BA051AE7226F000291A2 /* PBXContainerItemProxy */ = {
			isa = PBXContainerItemProxy;
			containerPortal = 3B11B9E31AE7226F000291A2 /* Project object */;
			proxyType = 1;
			remoteGlobalIDString = 3B11B9EA1AE7226F000291A2;
			remoteInfo = L04_OCClass;
		};
/* End PBXContainerItemProxy section */

/* Begin PBXFileReference section */
		3B11B9EB1AE7226F000291A2 /* L04_OCClass.app */ = {isa = PBXFileReference; explicitFileType = wrapper.application; includeInIndex = 0; path = L04_OCClass.app; sourceTree = BUILT_PRODUCTS_DIR; };
		3B11B9EF1AE7226F000291A2 /* Info.plist */ = {isa = PBXFileReference; lastKnownFileType = text.plist.xml; path = Info.plist; sourceTree = "<group>"; };
		3B11B9F01AE7226F000291A2 /* main.m */ = {isa = PBXFileReference; lastKnownFileType = sourcecode.c.objc; path = main.m; sourceTree = "<group>"; };
		3B11B9F21AE7226F000291A2 /* AppDelegate.h */ = {isa = PBXFileReference; lastKnownFileType = sourcecode.c.h; path = AppDelegate.h; sourceTree = "<group>"; };
		3B11B9F31AE7226F000291A2 /* AppDelegate.m */ = {isa = PBXFileReference; lastKnownFileType = sourcecode.c.objc; path = AppDelegate.m; sourceTree = "<group>"; };
		3B11B9F51AE7226F000291A2 /* ViewController.h */ = {isa = PBXFileReference; lastKnownFileType = sourcecode.c.h; path = ViewController.h; sourceTree = "<group>"; };
		3B11B9F61AE7226F000291A2 /* ViewController.m */ = {isa = PBXFileReference; lastKnownFileType = sourcecode.c.objc; path = ViewController.m; sourceTree = "<group>"; };
		3B11B9F91AE7226F000291A2 /* Base */ = {isa = PBXFileReference; lastKnownFileType = file.storyboard; name = Base; path = Base.lproj/Main.storyboard; sourceTree = "<group>"; };
		3B11B9FB1AE7226F000291A2 /* Images.xcassets */ = {isa = PBXFileReference; lastKnownFileType = folder.assetcatalog; path = Images.xcassets; sourceTree = "<group>"; };
		3B11B9FE1AE7226F000291A2 /* Base */ = {isa = PBXFileReference; lastKnownFileType = file.xib; name = Base; path = Base.lproj/LaunchScreen.xib; sourceTree = "<group>"; };
		3B11BA041AE7226F000291A2 /* L04_OCClassTests.xctest */ = {isa = PBXFileReference; explicitFileType = wrapper.cfbundle; includeInIndex = 0; path = L04_OCClassTests.xctest; sourceTree = BUILT_PRODUCTS_DIR; };
		3B11BA091AE7226F000291A2 /* Info.plist */ = {isa = PBXFileReference; lastKnownFileType = text.plist.xml; path = Info.plist; sourceTree = "<group>"; };
		3B11BA0A1AE7226F000291A2 /* L04_OCClassTests.m */ = {isa = PBXFileReference; lastKnownFileType = sourcecode.c.objc; path = L04_OCClassTests.m; sourceTree = "<group>"; };
/* End PBXFileReference section */

/* Begin PBXFrameworksBuildPhase section */
		3B11B9E81AE7226F000291A2 /* Frameworks */ = {
			isa = PBXFrameworksBuildPhase;
			buildActionMask = 2147483647;
			files = (
			);
			runOnlyForDeploymentPostprocessing = 0;
		};
		3B11BA011AE7226F000291A2 /* Frameworks */ = {
			isa = PBXFrameworksBuildPhase;
			buildActionMask = 2147483647;
			files = (
			);
			runOnlyForDeploymentPostprocessing = 0;
		};
/* End PBXFrameworksBuildPhase section */

/* Begin PBXGroup section */
		3B11B9E21AE7226F000291A2 = {
			isa = PBXGroup;
			children = (
				3B11B9ED1AE7226F000291A2 /* L04_OCClass */,
				3B11BA071AE7226F000291A2 /* L04_OCClassTests */,
				3B11B9EC1AE7226F000291A2 /* Products */,
			);
			sourceTree = "<group>";
		};
		3B11B9EC1AE7226F000291A2 /* Products */ = {
			isa = PBXGroup;
			children = (
				3B11B9EB1AE7226F000291A2 /* L04_OCClass.app */,
				3B11BA041AE7226F000291A2 /* L04_OCClassTests.xctest */,
			);
			name = Products;
			sourceTree = "<group>";
		};
		3B11B9ED1AE7226F000291A2 /* L04_OCClass */ = {
			isa = PBXGroup;
			children = (
				3B11B9F21AE7226F000291A2 /* AppDelegate.h */,
				3B11B9F31AE7226F000291A2 /* AppDelegate.m */,
				3B11B9F51AE7226F000291A2 /* ViewController.h */,
				3B11B9F61AE7226F000291A2 /* ViewController.m */,
				3B11B9F81AE7226F000291A2 /* Main.storyboard */,
				3B11B9FB1AE7226F000291A2 /* Images.xcassets */,
				3B11B9FD1AE7226F000291A2 /* LaunchScreen.xib */,
				3B11B9EE1AE7226F000291A2 /* Supporting Files */,
			);
			path = L04_OCClass;
			sourceTree = "<group>";
		};
		3B11B9EE1AE7226F000291A2 /* Supporting Files */ = {
			isa = PBXGroup;
			children = (
				3B11B9EF1AE7226F000291A2 /* Info.plist */,
				3B11B9F01AE7226F000291A2 /* main.m */,
			);
			name = "Supporting Files";
			sourceTree = "<group>";
		};
		3B11BA071AE7226F000291A2 /* L04_OCClassTests */ = {
			isa = PBXGroup;
			children = (
				3B11BA0A1AE7226F000291A2 /* L04_OCClassTests.m */,
				3B11BA081AE7226F000291A2 /* Supporting Files */,
			);
			path = L04_OCClassTests;
			sourceTree = "<group>";
		};
		3B11BA081AE7226F000291A2 /* Supporting Files */ = {
			isa = PBXGroup;
			children = (
				3B11BA091AE7226F000291A2 /* Info.plist */,
			);
			name = "Supporting Files";
			sourceTree = "<group>";
		};
/* End PBXGroup section */

/* Begin PBXNativeTarget section */
		3B11B9EA1AE7226F000291A2 /* L04_OCClass */ = {
			isa = PBXNativeTarget;
			buildConfigurationList = 3B11BA0E1AE7226F000291A2 /* Build configuration list for PBXNativeTarget "L04_OCClass" */;
			buildPhases = (
				3B11B9E71AE7226F000291A2 /* Sources */,
				3B11B9E81AE7226F000291A2 /* Frameworks */,
				3B11B9E91AE7226F000291A2 /* Resources */,
			);
			buildRules = (
			);
			dependencies = (
			);
			name = L04_OCClass;
			productName = L04_OCClass;
			productReference = 3B11B9EB1AE7226F000291A2 /* L04_OCClass.app */;
			productType = "com.apple.product-type.application";
		};
		3B11BA031AE7226F000291A2 /* L04_OCClassTests */ = {
			isa = PBXNativeTarget;
			buildConfigurationList = 3B11BA111AE7226F000291A2 /* Build configuration list for PBXNativeTarget "L04_OCClassTests" */;
			buildPhases = (
				3B11BA001AE7226F000291A2 /* Sources */,
				3B11BA011AE7226F000291A2 /* Frameworks */,
				3B11BA021AE7226F000291A2 /* Resources */,
			);
			buildRules = (
			);
			dependencies = (
				3B11BA061AE7226F000291A2 /* PBXTargetDependency */,
			);
			name = L04_OCClassTests;
			productName = L04_OCClassTests;
			productReference = 3B11BA041AE7226F000291A2 /* L04_OCClassTests.xctest */;
			productType = "com.apple.product-type.bundle.unit-test";
		};
/* End PBXNativeTarget section */

/* Begin PBXProject section */
		3B11B9E31AE7226F000291A2 /* Project object */ = {
			isa = PBXProject;
			attributes = {
				LastUpgradeCheck = 0630;
				ORGANIZATIONNAME = colin;
				TargetAttributes = {
					3B11B9EA1AE7226F000291A2 = {
						CreatedOnToolsVersion = 6.3;
					};
					3B11BA031AE7226F000291A2 = {
						CreatedOnToolsVersion = 6.3;
						TestTargetID = 3B11B9EA1AE7226F000291A2;
					};
				};
			};
			buildConfigurationList = 3B11B9E61AE7226F000291A2 /* Build configuration list for PBXProject "L04_OCClass" */;
			compatibilityVersion = "Xcode 3.2";
			developmentRegion = English;
			hasScannedForEncodings = 0;
			knownRegions = (
				en,
				Base,
			);
			mainGroup = 3B11B9E21AE7226F000291A2;
			productRefGroup = 3B11B9EC1AE7226F000291A2 /* Products */;
			projectDirPath = "";
			projectRoot = "";
			targets = (
				3B11B9EA1AE7226F000291A2 /* L04_OCClass */,
				3B11BA031AE7226F000291A2 /* L04_OCClassTests */,
			);
		};
/* End PBXProject section */

/* Begin PBXResourcesBuildPhase section */
		3B11B9E91AE7226F000291A2 /* Resources */ = {
			isa = PBXResourcesBuildPhase;
			buildActionMask = 2147483647;
			files = (
				3B11B9FA1AE7226F000291A2 /* Main.storyboard in Resources */,
				3B11B9FF1AE7226F000291A2 /* LaunchScreen.xib in Resources */,
				3B11B9FC1AE7226F000291A2 /* Images.xcassets in Resources */,
			);
			runOnlyForDeploymentPostprocessing = 0;
		};
		3B11BA021AE7226F000291A2 /* Resources */ = {
			isa = PBXResourcesBuildPhase;
			buildActionMask = 2147483647;
			files = (
			);
			runOnlyForDeploymentPostprocessing = 0;
		};
/* End PBXResourcesBuildPhase section */

/* Begin PBXSourcesBuildPhase section */
		3B11B9E71AE7226F000291A2 /* Sources */ = {
			isa = PBXSourcesBuildPhase;
			buildActionMask = 2147483647;
			files = (
				3B11B9F71AE7226F000291A2 /* ViewController.m in Sources */,
				3B11B9F41AE7226F000291A2 /* AppDelegate.m in Sources */,
				3B11B9F11AE7226F000291A2 /* main.m in Sources */,
			);
			runOnlyForDeploymentPostprocessing = 0;
		};
		3B11BA001AE7226F000291A2 /* Sources */ = {
			isa = PBXSourcesBuildPhase;
			buildActionMask = 2147483647;
			files = (
				3B11BA0B1AE7226F000291A2 /* L04_OCClassTests.m in Sources */,
			);
			runOnlyForDeploymentPostprocessing = 0;
		};
/* End PBXSourcesBuildPhase section */

/* Begin PBXTargetDependency section */
		3B11BA061AE7226F000291A2 /* PBXTargetDependency */ = {
			isa = PBXTargetDependency;
			target = 3B11B9EA1AE7226F000291A2 /* L04_OCClass */;
			targetProxy = 3B11BA051AE7226F000291A2 /* PBXContainerItemProxy */;
		};
/* End PBXTargetDependency section */

/* Begin PBXVariantGroup section */
		3B11B9F81AE7226F000291A2 /* Main.storyboard */ = {
			isa = PBXVariantGroup;
			children = (
				3B11B9F91AE7226F000291A2 /* Base */,
			);
			name = Main.storyboard;
			sourceTree = "<group>";
		};
		3B11B9FD1AE7226F000291A2 /* LaunchScreen.xib */ = {
			isa = PBXVariantGroup;
			children = (
				3B11B9FE1AE7226F000291A2 /* Base */,
			);
			name = LaunchScreen.xib;
			sourceTree = "<group>";
		};
/* End PBXVariantGroup section */

/* Begin XCBuildConfiguration section */
		3B11BA0C1AE7226F000291A2 /* Debug */ = {
			isa = XCBuildConfiguration;
			buildSettings = {
				ALWAYS_SEARCH_USER_PATHS = NO;
				CLANG_CXX_LANGUAGE_STANDARD = "gnu++0x";
				CLANG_CXX_LIBRARY = "libc++";
				CLANG_ENABLE_MODULES = YES;
				CLANG_ENABLE_OBJC_ARC = YES;
				CLANG_WARN_BOOL_CONVERSION = YES;
				CLANG_WARN_CONSTANT_CONVERSION = YES;
				CLANG_WARN_DIRECT_OBJC_ISA_USAGE = YES_ERROR;
				CLANG_WARN_EMPTY_BODY = YES;
				CLANG_WARN_ENUM_CONVERSION = YES;
				CLANG_WARN_INT_CONVERSION = YES;
				CLANG_WARN_OBJC_ROOT_CLASS = YES_ERROR;
				CLANG_WARN_UNREACHABLE_CODE = YES;
				CLANG_WARN__DUPLICATE_METHOD_MATCH = YES;
				"CODE_SIGN_IDENTITY[sdk=iphoneos*]" = "iPhone Developer";
				COPY_PHASE_STRIP = NO;
				DEBUG_INFORMATION_FORMAT = "dwarf-with-dsym";
				ENABLE_STRICT_OBJC_MSGSEND = YES;
				GCC_C_LANGUAGE_STANDARD = gnu99;
				GCC_DYNAMIC_NO_PIC = NO;
				GCC_NO_COMMON_BLOCKS = YES;
				GCC_OPTIMIZATION_LEVEL = 0;
				GCC_PREPROCESSOR_DEFINITIONS = (
					"DEBUG=1",
					"$(inherited)",
				);
				GCC_SYMBOLS_PRIVATE_EXTERN = NO;
				GCC_WARN_64_TO_32_BIT_CONVERSION = YES;
				GCC_WARN_ABOUT_RETURN_TYPE = YES_ERROR;
				GCC_WARN_UNDECLARED_SELECTOR = YES;
				GCC_WARN_UNINITIALIZED_AUTOS = YES_AGGRESSIVE;
				GCC_WARN_UNUSED_FUNCTION = YES;
				GCC_WARN_UNUSED_VARIABLE = YES;
				IPHONEOS_DEPLOYMENT_TARGET = 8.3;
				MTL_ENABLE_DEBUG_INFO = YES;
				ONLY_ACTIVE_ARCH = YES;
				SDKROOT = iphoneos;
			};
			name = Debug;
		};
		3B11BA0D1AE7226F000291A2 /* Release */ = {
			isa = XCBuildConfiguration;
			buildSettings = {
				ALWAYS_SEARCH_USER_PATHS = NO;
				CLANG_CXX_LANGUAGE_STANDARD = "gnu++0x";
				CLANG_CXX_LIBRARY = "libc++";
				CLANG_ENABLE_MODULES = YES;
				CLANG_ENABLE_OBJC_ARC = YES;
				CLANG_WARN_BOOL_CONVERSION = YES;
				CLANG_WARN_CONSTANT_CONVERSION = YES;
				CLANG_WARN_DIRECT_OBJC_ISA_USAGE = YES_ERROR;
				CLANG_WARN_EMPTY_BODY = YES;
				CLANG_WARN_ENUM_CONVERSION = YES;
				CLANG_WARN_INT_CONVERSION = YES;
				CLANG_WARN_OBJC_ROOT_CLASS = YES_ERROR;
				CLANG_WARN_UNREACHABLE_CODE = YES;
				CLANG_WARN__DUPLICATE_METHOD_MATCH = YES;
				"CODE_SIGN_IDENTITY[sdk=iphoneos*]" = "iPhone Developer";
				COPY_PHASE_STRIP = NO;
				DEBUG_INFORMATION_FORMAT = "dwarf-with-dsym";
				ENABLE_NS_ASSERTIONS = NO;
				ENABLE_STRICT_OBJC_MSGSEND = YES;
				GCC_C_LANGUAGE_STANDARD = gnu99;
				GCC_NO_COMMON_BLOCKS = YES;
				GCC_WARN_64_TO_32_BIT_CONVERSION = YES;
				GCC_WARN_ABOUT_RETURN_TYPE = YES_ERROR;
				GCC_WARN_UNDECLARED_SELECTOR = YES;
				GCC_WARN_UNINITIALIZED_AUTOS = YES_AGGRESSIVE;
				GCC_WARN_UNUSED_FUNCTION = YES;
				GCC_WARN_UNUSED_VARIABLE = YES;
				IPHONEOS_DEPLOYMENT_TARGET = 8.3;
				MTL_ENABLE_DEBUG_INFO = NO;
				SDKROOT = iphoneos;
				VALIDATE_PRODUCT = YES;
			};
			name = Release;
		};
		3B11BA0F1AE7226F000291A2 /* Debug */ = {
			isa = XCBuildConfiguration;
			buildSettings = {
				ASSETCATALOG_COMPILER_APPICON_NAME = AppIcon;
				INFOPLIST_FILE = L04_OCClass/Info.plist;
				LD_RUNPATH_SEARCH_PATHS = "$(inherited) @executable_path/Frameworks";
				PRODUCT_NAME = "$(TARGET_NAME)";
			};
			name = Debug;
		};
		3B11BA101AE7226F000291A2 /* Release */ = {
			isa = XCBuildConfiguration;
			buildSettings = {
				ASSETCATALOG_COMPILER_APPICON_NAME = AppIcon;
				INFOPLIST_FILE = L04_OCClass/Info.plist;
				LD_RUNPATH_SEARCH_PATHS = "$(inherited) @executable_path/Frameworks";
				PRODUCT_NAME = "$(TARGET_NAME)";
			};
			name = Release;
		};
		3B11BA121AE7226F000291A2 /* Debug */ = {
			isa = XCBuildConfiguration;
			buildSettings = {
				BUNDLE_LOADER = "$(TEST_HOST)";
				FRAMEWORK_SEARCH_PATHS = (
					"$(SDKROOT)/Developer/Library/Frameworks",
					"$(inherited)",
				);
				GCC_PREPROCESSOR_DEFINITIONS = (
					"DEBUG=1",
					"$(inherited)",
				);
				INFOPLIST_FILE = L04_OCClassTests/Info.plist;
				LD_RUNPATH_SEARCH_PATHS = "$(inherited) @executable_path/Frameworks @loader_path/Frameworks";
				PRODUCT_NAME = "$(TARGET_NAME)";
				TEST_HOST = "$(BUILT_PRODUCTS_DIR)/L04_OCClass.app/L04_OCClass";
			};
			name = Debug;
		};
		3B11BA131AE7226F000291A2 /* Release */ = {
			isa = XCBuildConfiguration;
			buildSettings = {
				BUNDLE_LOADER = "$(TEST_HOST)";
				FRAMEWORK_SEARCH_PATHS = (
					"$(SDKROOT)/Developer/Library/Frameworks",
					"$(inherited)",
				);
				INFOPLIST_FILE = L04_OCClassTests/Info.plist;
				LD_RUNPATH_SEARCH_PATHS = "$(inherited) @executable_path/Frameworks @loader_path/Frameworks";
				PRODUCT_NAME = "$(TARGET_NAME)";
				TEST_HOST = "$(BUILT_PRODUCTS_DIR)/L04_OCClass.app/L04_OCClass";
			};
			name = Release;
		};
/* End XCBuildConfiguration section */

/* Begin XCConfigurationList section */
		3B11B9E61AE7226F000291A2 /* Build configuration list for PBXProject "L04_OCClass" */ = {
			isa = XCConfigurationList;
			buildConfigurations = (
				3B11BA0C1AE7226F000291A2 /* Debug */,
				3B11BA0D1AE7226F000291A2 /* Release */,
			);
			defaultConfigurationIsVisible = 0;
			defaultConfigurationName = Release;
		};
		3B11BA0E1AE7226F000291A2 /* Build configuration list for PBXNativeTarget "L04_OCClass" */ = {
			isa = XCConfigurationList;
			buildConfigurations = (
				3B11BA0F1AE7226F000291A2 /* Debug */,
				3B11BA101AE7226F000291A2 /* Release */,
			);
			defaultConfigurationIsVisible = 0;
		};
		3B11BA111AE7226F000291A2 /* Build configuration list for PBXNativeTarget "L04_OCClassTests" */ = {
			isa = XCConfigurationList;
			buildConfigurations = (
				3B11BA121AE7226F000291A2 /* Debug */,
				3B11BA131AE7226F000291A2 /* Release */,
			);
			defaultConfigurationIsVisible = 0;
		};
/* End XCConfigurationList section */
	};
	rootObject = 3B11B9E31AE7226F000291A2 /* Project object */;
}
